
Microsoft Visual Studio Solution File, Format Version 12.00
# Visual Studio Version 16
VisualStudioVersion = 16.0.32413.511
MinimumVisualStudioVersion = 10.0.40219.1
Project("{FAE04EC0-301F-11D3-BF4B-00C04F79EFBC}") = "MyWebApp", "MyWebApp\MyWebApp.csproj", "{B7714EA4-D14D-4446-97D0-3370720990F5}"
EndProject
Global
	GlobalSection(SolutionConfigurationPlatforms) = preSolution
		Debug|Any CPU = Debug|Any CPU
		Release|Any CPU = Release|Any CPU
	EndGlobalSection
	GlobalSection(ProjectConfigurationPlatforms) = postSolution
		{B7714EA4-D14D-4446-97D0-3370720990F5}.Debug|Any CPU.ActiveCfg = Debug|Any CPU
		{B7714EA4-D14D-4446-97D0-3370720990F5}.Debug|Any CPU.Build.0 = Debug|Any CPU
		{B7714EA4-D14D-4446-97D0-3370720990F5}.Release|Any CPU.ActiveCfg = Release|Any CPU
		{B7714EA4-D14D-4446-97D0-3370720990F5}.Release|Any CPU.Build.0 = Release|Any CPU
	EndGlobalSection
	GlobalSection(SolutionProperties) = preSolution
		HideSolutionNode = FALSE
	EndGlobalSection
	GlobalSection(ExtensibilityGlobals) = postSolution
		SolutionGuid = {54689120-6191-406C-9CD9-85C114724234}
	EndGlobalSection
EndGlobal
